
Microsoft Visual Studio Solution File, Format Version 12.00
# Visual Studio Version 16
VisualStudioVersion = 16.0.30804.86
MinimumVisualStudioVersion = 10.0.40219.1
Project("{FAE04EC0-301F-11D3-BF4B-00C04F79EFBC}") = "TotalExpressWSClient", "TotalExpressWSClient\TotalExpressWSClient.csproj", "{46D1B97A-1B3C-4C4D-A248-A8233CFCA68C}"
EndProject
Global
	GlobalSection(SolutionConfigurationPlatforms) = preSolution
		Debug|Any CPU = Debug|Any CPU
		Release|Any CPU = Release|Any CPU
	EndGlobalSection
	GlobalSection(ProjectConfigurationPlatforms) = postSolution
		{46D1B97A-1B3C-4C4D-A248-A8233CFCA68C}.Debug|Any CPU.ActiveCfg = Debug|Any CPU
		{46D1B97A-1B3C-4C4D-A248-A8233CFCA68C}.Debug|Any CPU.Build.0 = Debug|Any CPU
		{46D1B97A-1B3C-4C4D-A248-A8233CFCA68C}.Release|Any CPU.ActiveCfg = Release|Any CPU
		{46D1B97A-1B3C-4C4D-A248-A8233CFCA68C}.Release|Any CPU.Build.0 = Release|Any CPU
	EndGlobalSection
	GlobalSection(SolutionProperties) = preSolution
		HideSolutionNode = FALSE
	EndGlobalSection
	GlobalSection(ExtensibilityGlobals) = postSolution
		SolutionGuid = {2232986E-BBC4-4709-9D11-D1BA3C6B2904}
	EndGlobalSection
EndGlobal
